
Microsoft Visual Studio Solution File, Format Version 12.00
# Visual Studio Version 17
VisualStudioVersion = 17.4.33213.308
MinimumVisualStudioVersion = 10.0.40219.1
Project("{9A19103F-16F7-4668-BE54-9A1E7A4F7556}") = "AMDD", "AMDD\AMDD.csproj", "{48D279D3-855F-4E86-B7F6-071F6DF4C88A}"
EndProject
Project("{9A19103F-16F7-4668-BE54-9A1E7A4F7556}") = "AMDDTesting", "AMDDTesting\AMDDTesting.csproj", "{C44D547E-5D72-4D6F-A4A3-940D83DEEC56}"
EndProject
Global
	GlobalSection(SolutionConfigurationPlatforms) = preSolution
		Debug|Any CPU = Debug|Any CPU
		Release|Any CPU = Release|Any CPU
	EndGlobalSection
	GlobalSection(ProjectConfigurationPlatforms) = postSolution
		{48D279D3-855F-4E86-B7F6-071F6DF4C88A}.Debug|Any CPU.ActiveCfg = Debug|Any CPU
		{48D279D3-855F-4E86-B7F6-071F6DF4C88A}.Debug|Any CPU.Build.0 = Debug|Any CPU
		{48D279D3-855F-4E86-B7F6-071F6DF4C88A}.Release|Any CPU.ActiveCfg = Release|Any CPU
		{48D279D3-855F-4E86-B7F6-071F6DF4C88A}.Release|Any CPU.Build.0 = Release|Any CPU
		{C44D547E-5D72-4D6F-A4A3-940D83DEEC56}.Debug|Any CPU.ActiveCfg = Debug|Any CPU
		{C44D547E-5D72-4D6F-A4A3-940D83DEEC56}.Debug|Any CPU.Build.0 = Debug|Any CPU
		{C44D547E-5D72-4D6F-A4A3-940D83DEEC56}.Release|Any CPU.ActiveCfg = Release|Any CPU
		{C44D547E-5D72-4D6F-A4A3-940D83DEEC56}.Release|Any CPU.Build.0 = Release|Any CPU
	EndGlobalSection
	GlobalSection(SolutionProperties) = preSolution
		HideSolutionNode = FALSE
	EndGlobalSection
	GlobalSection(ExtensibilityGlobals) = postSolution
		SolutionGuid = {654C3B24-4B37-4293-9E42-3ECB1636BF8D}
	EndGlobalSection
EndGlobal
